
Microsoft Visual Studio Solution File, Format Version 12.00
# Visual Studio Version 17
VisualStudioVersion = 17.5.33209.295
MinimumVisualStudioVersion = 10.0.40219.1
Project("{FAE04EC0-301F-11D3-BF4B-00C04F79EFBC}") = "TestingEFCoreBulkExtensions", "TestingEFCoreBulkExtensions.csproj", "{4BD69236-E93E-4B08-9E54-7F9C2C87F9A6}"
EndProject
Global
	GlobalSection(SolutionConfigurationPlatforms) = preSolution
		Debug|Any CPU = Debug|Any CPU
		Release|Any CPU = Release|Any CPU
	EndGlobalSection
	GlobalSection(ProjectConfigurationPlatforms) = postSolution
		{4BD69236-E93E-4B08-9E54-7F9C2C87F9A6}.Debug|Any CPU.ActiveCfg = Debug|Any CPU
		{4BD69236-E93E-4B08-9E54-7F9C2C87F9A6}.Debug|Any CPU.Build.0 = Debug|Any CPU
		{4BD69236-E93E-4B08-9E54-7F9C2C87F9A6}.Release|Any CPU.ActiveCfg = Release|Any CPU
		{4BD69236-E93E-4B08-9E54-7F9C2C87F9A6}.Release|Any CPU.Build.0 = Release|Any CPU
	EndGlobalSection
	GlobalSection(SolutionProperties) = preSolution
		HideSolutionNode = FALSE
	EndGlobalSection
	GlobalSection(ExtensibilityGlobals) = postSolution
		SolutionGuid = {7E26FE9B-23D7-41CD-A82E-2546904CE0FE}
	EndGlobalSection
EndGlobal
